
Microsoft Visual Studio Solution File, Format Version 12.00
# Visual Studio Version 17
VisualStudioVersion = 17.0.31903.59
MinimumVisualStudioVersion = 10.0.40219.1
Project("{FAE04EC0-301F-11D3-BF4B-00C04F79EFBC}") = "Builder", "Builder\Builder.csproj", "{046E746F-0D49-ADED-C09E-82E7BB7CCBCE}"
EndProject
Project("{FAE04EC0-301F-11D3-BF4B-00C04F79EFBC}") = "Builder.CLI", "Builder.CLI\Builder.CLI.csproj", "{48AF0181-3CE9-423F-3ED6-2243008E32AB}"
EndProject
Global
	GlobalSection(SolutionConfigurationPlatforms) = preSolution
		Debug|Any CPU = Debug|Any CPU
		Release|Any CPU = Release|Any CPU
	EndGlobalSection
	GlobalSection(ProjectConfigurationPlatforms) = postSolution
		{046E746F-0D49-ADED-C09E-82E7BB7CCBCE}.Debug|Any CPU.ActiveCfg = Debug|Any CPU
		{046E746F-0D49-ADED-C09E-82E7BB7CCBCE}.Debug|Any CPU.Build.0 = Debug|Any CPU
		{046E746F-0D49-ADED-C09E-82E7BB7CCBCE}.Release|Any CPU.ActiveCfg = Release|Any CPU
		{046E746F-0D49-ADED-C09E-82E7BB7CCBCE}.Release|Any CPU.Build.0 = Release|Any CPU
		{48AF0181-3CE9-423F-3ED6-2243008E32AB}.Debug|Any CPU.ActiveCfg = Debug|Any CPU
		{48AF0181-3CE9-423F-3ED6-2243008E32AB}.Debug|Any CPU.Build.0 = Debug|Any CPU
		{48AF0181-3CE9-423F-3ED6-2243008E32AB}.Release|Any CPU.ActiveCfg = Release|Any CPU
		{48AF0181-3CE9-423F-3ED6-2243008E32AB}.Release|Any CPU.Build.0 = Release|Any CPU
	EndGlobalSection
	GlobalSection(SolutionProperties) = preSolution
		HideSolutionNode = FALSE
	EndGlobalSection
EndGlobal
